
Microsoft Visual Studio Solution File, Format Version 12.00
# Visual Studio Version 17
VisualStudioVersion = 17.6.33815.320
MinimumVisualStudioVersion = 10.0.40219.1
Project("{FAE04EC0-301F-11D3-BF4B-00C04F79EFBC}") = "SimpleFuzzy.AgeSets", "SimpleFuzzy.AgeSets\SimpleFuzzy.AgeSets.csproj", "{5207C832-11F5-478E-9532-1EAA667026E5}"
EndProject
Project("{FAE04EC0-301F-11D3-BF4B-00C04F79EFBC}") = "CatFuzzy", "CatFuzzy\CatFuzzy.csproj", "{CFBA0626-1AFC-4B9D-9035-431C980C6E14}"
EndProject
Global
	GlobalSection(SolutionConfigurationPlatforms) = preSolution
		Debug|Any CPU = Debug|Any CPU
		Release|Any CPU = Release|Any CPU
	EndGlobalSection
	GlobalSection(ProjectConfigurationPlatforms) = postSolution
		{5207C832-11F5-478E-9532-1EAA667026E5}.Debug|Any CPU.ActiveCfg = Debug|Any CPU
		{5207C832-11F5-478E-9532-1EAA667026E5}.Debug|Any CPU.Build.0 = Debug|Any CPU
		{5207C832-11F5-478E-9532-1EAA667026E5}.Release|Any CPU.ActiveCfg = Release|Any CPU
		{5207C832-11F5-478E-9532-1EAA667026E5}.Release|Any CPU.Build.0 = Release|Any CPU
		{CFBA0626-1AFC-4B9D-9035-431C980C6E14}.Debug|Any CPU.ActiveCfg = Debug|Any CPU
		{CFBA0626-1AFC-4B9D-9035-431C980C6E14}.Debug|Any CPU.Build.0 = Debug|Any CPU
		{CFBA0626-1AFC-4B9D-9035-431C980C6E14}.Release|Any CPU.ActiveCfg = Release|Any CPU
		{CFBA0626-1AFC-4B9D-9035-431C980C6E14}.Release|Any CPU.Build.0 = Release|Any CPU
	EndGlobalSection
	GlobalSection(SolutionProperties) = preSolution
		HideSolutionNode = FALSE
	EndGlobalSection
	GlobalSection(ExtensibilityGlobals) = postSolution
		SolutionGuid = {E9764D0E-E3C3-46E0-95AC-8117404AC5C4}
	EndGlobalSection
EndGlobal
